
Microsoft Visual Studio Solution File, Format Version 12.00
# Visual Studio Express 2013 for Windows Desktop
VisualStudioVersion = 12.0.21005.1
MinimumVisualStudioVersion = 10.0.40219.1
Project("{8BC9CEB8-8B4A-11D0-8D11-00A0C91BC942}") = "gtests", "..\gtests\gtests.vcxproj", "{1F2FEA0B-8FBD-4657-BB7B-C52B92D983A4}"
EndProject
Project("{8BC9CEB8-8B4A-11D0-8D11-00A0C91BC942}") = "GameEngine", "EngineCore\EngineCore.vcxproj", "{0952E910-62E2-48B9-924B-4F8E7AF239CF}"
EndProject
Project("{8BC9CEB8-8B4A-11D0-8D11-00A0C91BC942}") = "SystemGraphicsSDL", "SystemGraphicsSDL\SystemGraphicsSDL.vcxproj", "{40CBB2E7-B7C0-409F-8920-53252CC8FBB4}"
EndProject
Project("{8BC9CEB8-8B4A-11D0-8D11-00A0C91BC942}") = "SystemInputSDL", "SystemInputSDL\SystemInput.vcxproj", "{F8958343-85A9-4ACF-B7E3-619D9169A0D5}"
EndProject
Global
	GlobalSection(SolutionConfigurationPlatforms) = preSolution
		Debug|Win32 = Debug|Win32
		Release|Win32 = Release|Win32
	EndGlobalSection
	GlobalSection(ProjectConfigurationPlatforms) = postSolution
		{1F2FEA0B-8FBD-4657-BB7B-C52B92D983A4}.Debug|Win32.ActiveCfg = Debug|Win32
		{1F2FEA0B-8FBD-4657-BB7B-C52B92D983A4}.Debug|Win32.Build.0 = Debug|Win32
		{1F2FEA0B-8FBD-4657-BB7B-C52B92D983A4}.Release|Win32.ActiveCfg = Release|Win32
		{1F2FEA0B-8FBD-4657-BB7B-C52B92D983A4}.Release|Win32.Build.0 = Release|Win32
		{0952E910-62E2-48B9-924B-4F8E7AF239CF}.Debug|Win32.ActiveCfg = Debug|Win32
		{0952E910-62E2-48B9-924B-4F8E7AF239CF}.Debug|Win32.Build.0 = Debug|Win32
		{0952E910-62E2-48B9-924B-4F8E7AF239CF}.Release|Win32.ActiveCfg = Release|Win32
		{0952E910-62E2-48B9-924B-4F8E7AF239CF}.Release|Win32.Build.0 = Release|Win32
		{40CBB2E7-B7C0-409F-8920-53252CC8FBB4}.Debug|Win32.ActiveCfg = Debug|Win32
		{40CBB2E7-B7C0-409F-8920-53252CC8FBB4}.Debug|Win32.Build.0 = Debug|Win32
		{40CBB2E7-B7C0-409F-8920-53252CC8FBB4}.Release|Win32.ActiveCfg = Release|Win32
		{40CBB2E7-B7C0-409F-8920-53252CC8FBB4}.Release|Win32.Build.0 = Release|Win32
		{F8958343-85A9-4ACF-B7E3-619D9169A0D5}.Debug|Win32.ActiveCfg = Debug|Win32
		{F8958343-85A9-4ACF-B7E3-619D9169A0D5}.Debug|Win32.Build.0 = Debug|Win32
		{F8958343-85A9-4ACF-B7E3-619D9169A0D5}.Release|Win32.ActiveCfg = Release|Win32
		{F8958343-85A9-4ACF-B7E3-619D9169A0D5}.Release|Win32.Build.0 = Release|Win32
	EndGlobalSection
	GlobalSection(SolutionProperties) = preSolution
		HideSolutionNode = FALSE
	EndGlobalSection
EndGlobal
